
Microsoft Visual Studio Solution File, Format Version 12.00
# Visual Studio Version 16
VisualStudioVersion = 16.0.31911.196
MinimumVisualStudioVersion = 10.0.40219.1
Project("{FAE04EC0-301F-11D3-BF4B-00C04F79EFBC}") = "Pawan_Gupta_(PortFolio)", "Pawan_Gupta_(PortFolio)\Pawan_Gupta_(PortFolio).csproj", "{EF51FE61-1731-4C1C-BACD-7DEE1765963C}"
EndProject
Global
	GlobalSection(SolutionConfigurationPlatforms) = preSolution
		Debug|Any CPU = Debug|Any CPU
		Release|Any CPU = Release|Any CPU
	EndGlobalSection
	GlobalSection(ProjectConfigurationPlatforms) = postSolution
		{EF51FE61-1731-4C1C-BACD-7DEE1765963C}.Debug|Any CPU.ActiveCfg = Debug|Any CPU
		{EF51FE61-1731-4C1C-BACD-7DEE1765963C}.Debug|Any CPU.Build.0 = Debug|Any CPU
		{EF51FE61-1731-4C1C-BACD-7DEE1765963C}.Release|Any CPU.ActiveCfg = Release|Any CPU
		{EF51FE61-1731-4C1C-BACD-7DEE1765963C}.Release|Any CPU.Build.0 = Release|Any CPU
	EndGlobalSection
	GlobalSection(SolutionProperties) = preSolution
		HideSolutionNode = FALSE
	EndGlobalSection
	GlobalSection(ExtensibilityGlobals) = postSolution
		SolutionGuid = {F175A90E-DF04-4AC3-B5F7-76A35D199970}
	EndGlobalSection
EndGlobal
